
Microsoft Visual Studio Solution File, Format Version 12.00
# Visual Studio 2013
VisualStudioVersion = 12.0.31101.0
MinimumVisualStudioVersion = 10.0.40219.1
Project("{FAE04EC0-301F-11D3-BF4B-00C04F79EFBC}") = "PgSqlClient", "PgSqlClient\PgSqlClient.csproj", "{DD951D19-93BD-4809-AB92-A41ABD6FD72E}"
EndProject
Global
	GlobalSection(SolutionConfigurationPlatforms) = preSolution
		Debug|Any CPU = Debug|Any CPU
		Release|Any CPU = Release|Any CPU
	EndGlobalSection
	GlobalSection(ProjectConfigurationPlatforms) = postSolution
		{DD951D19-93BD-4809-AB92-A41ABD6FD72E}.Debug|Any CPU.ActiveCfg = Debug|Any CPU
		{DD951D19-93BD-4809-AB92-A41ABD6FD72E}.Debug|Any CPU.Build.0 = Debug|Any CPU
		{DD951D19-93BD-4809-AB92-A41ABD6FD72E}.Release|Any CPU.ActiveCfg = Release|Any CPU
		{DD951D19-93BD-4809-AB92-A41ABD6FD72E}.Release|Any CPU.Build.0 = Release|Any CPU
	EndGlobalSection
	GlobalSection(SolutionProperties) = preSolution
		HideSolutionNode = FALSE
	EndGlobalSection
EndGlobal
